
Microsoft Visual Studio Solution File, Format Version 12.00
# Visual Studio 14
VisualStudioVersion = 14.0.25420.1
MinimumVisualStudioVersion = 10.0.40219.1
Project("{F184B08F-C81C-45F6-A57F-5ABD9991F28F}") = "GITHUB_3TIB", "GITHUB_3TIB\GITHUB_3TIB.vbproj", "{69AA74C2-7F81-43E4-AE12-1FAAA3307FBE}"
EndProject
Global
	GlobalSection(SolutionConfigurationPlatforms) = preSolution
		Debug|Any CPU = Debug|Any CPU
		Release|Any CPU = Release|Any CPU
	EndGlobalSection
	GlobalSection(ProjectConfigurationPlatforms) = postSolution
		{69AA74C2-7F81-43E4-AE12-1FAAA3307FBE}.Debug|Any CPU.ActiveCfg = Debug|Any CPU
		{69AA74C2-7F81-43E4-AE12-1FAAA3307FBE}.Debug|Any CPU.Build.0 = Debug|Any CPU
		{69AA74C2-7F81-43E4-AE12-1FAAA3307FBE}.Release|Any CPU.ActiveCfg = Release|Any CPU
		{69AA74C2-7F81-43E4-AE12-1FAAA3307FBE}.Release|Any CPU.Build.0 = Release|Any CPU
	EndGlobalSection
	GlobalSection(SolutionProperties) = preSolution
		HideSolutionNode = FALSE
	EndGlobalSection
EndGlobal
